
Microsoft Visual Studio Solution File, Format Version 12.00
# Visual Studio Version 17
VisualStudioVersion = 17.3.32819.101
MinimumVisualStudioVersion = 10.0.40219.1
Project("{2150E333-8FDC-42A3-9474-1A3956D46DE8}") = "src", "src", "{5C4E1996-CED9-49C1-B56D-63FF255D8D70}"
EndProject
Project("{2150E333-8FDC-42A3-9474-1A3956D46DE8}") = "api", "api", "{F57AEAC1-D5E9-415F-9EE0-D9B679C11A51}"
EndProject
Project("{2150E333-8FDC-42A3-9474-1A3956D46DE8}") = "customer", "customer", "{FDCDC0C1-A917-40AD-92E6-87440F899EF9}"
EndProject
Project("{9A19103F-16F7-4668-BE54-9A1E7A4F7556}") = "Periferia.Api", "src\api\customer\Periferia.Api\Periferia.Api.csproj", "{44D7E80E-99EE-4A49-B55D-AA2B18503988}"
EndProject
Project("{9A19103F-16F7-4668-BE54-9A1E7A4F7556}") = "Periferia.Application", "src\api\customer\Periferia.Application\Periferia.Application.csproj", "{CE367C89-C226-431C-88B4-B06333A4B5D5}"
EndProject
Project("{9A19103F-16F7-4668-BE54-9A1E7A4F7556}") = "Periferia.Contract", "src\api\customer\Periferia.Contract\Periferia.Contract.csproj", "{76C78DBF-E7AE-4953-AD42-2845F7E5C891}"
EndProject
Project("{9A19103F-16F7-4668-BE54-9A1E7A4F7556}") = "Periferia.Domain", "src\api\customer\Periferia.Domain\Periferia.Domain.csproj", "{39A49E78-7B39-4E01-B7B9-A5D3237D2121}"
EndProject
Project("{9A19103F-16F7-4668-BE54-9A1E7A4F7556}") = "Periferia.Infrastructure", "src\api\customer\Periferia.Infrastructure\Periferia.Infrastructure.csproj", "{4A543F55-98C2-4A68-BCD4-51004C68F399}"
EndProject
Project("{2150E333-8FDC-42A3-9474-1A3956D46DE8}") = "order", "order", "{6DE74203-235C-453B-91AF-8440D3218872}"
EndProject
Project("{9A19103F-16F7-4668-BE54-9A1E7A4F7556}") = "Periferia.Api", "src\api\order\Periferia.Api\Periferia.Api.csproj", "{314B7CD9-28D4-4E39-81A6-B2094E4E71F8}"
EndProject
Project("{9A19103F-16F7-4668-BE54-9A1E7A4F7556}") = "Periferia.Application", "src\api\order\Periferia.Application\Periferia.Application.csproj", "{5C543593-DDF3-4DD3-9744-503FF862BF10}"
EndProject
Project("{9A19103F-16F7-4668-BE54-9A1E7A4F7556}") = "Periferia.Contract", "src\api\order\Periferia.Contract\Periferia.Contract.csproj", "{E8BB117E-5AD8-46A9-816F-F067239CFC9A}"
EndProject
Project("{9A19103F-16F7-4668-BE54-9A1E7A4F7556}") = "Periferia.Domain", "src\api\order\Periferia.Domain\Periferia.Domain.csproj", "{21056C7D-0321-453A-9458-E40BE844A950}"
EndProject
Project("{9A19103F-16F7-4668-BE54-9A1E7A4F7556}") = "Periferia.Infrastructure", "src\api\order\Periferia.Infrastructure\Periferia.Infrastructure.csproj", "{AAFC441E-492A-49AC-8279-AFDC644EFA2B}"
EndProject
Project("{2150E333-8FDC-42A3-9474-1A3956D46DE8}") = "product", "product", "{DDFE4012-38AC-4EA6-B36E-5F5E00BB4B1F}"
EndProject
Project("{9A19103F-16F7-4668-BE54-9A1E7A4F7556}") = "Periferia.Api", "src\api\product\Periferia.Api\Periferia.Api.csproj", "{215C7F40-933C-4B26-88DE-899971BB0A07}"
EndProject
Project("{9A19103F-16F7-4668-BE54-9A1E7A4F7556}") = "Periferia.Application", "src\api\product\Periferia.Application\Periferia.Application.csproj", "{BC37F6AB-0887-44CF-95B4-2A0ED692AAD5}"
EndProject
Project("{9A19103F-16F7-4668-BE54-9A1E7A4F7556}") = "Periferia.Contract", "src\api\product\Periferia.Contract\Periferia.Contract.csproj", "{D861F44C-EBC8-42E6-A84D-4CA873CD34F3}"
EndProject
Project("{9A19103F-16F7-4668-BE54-9A1E7A4F7556}") = "Periferia.Domain", "src\api\product\Periferia.Domain\Periferia.Domain.csproj", "{B3FC2C20-C7CA-48D4-A9E9-0BC7E2D526BB}"
EndProject
Project("{9A19103F-16F7-4668-BE54-9A1E7A4F7556}") = "Periferia.Infrastructure", "src\api\product\Periferia.Infrastructure\Periferia.Infrastructure.csproj", "{22930191-88F4-4635-872F-B90C7DD98913}"
EndProject
Project("{9A19103F-16F7-4668-BE54-9A1E7A4F7556}") = "Periferia.Migrations", "src\api\customer\Periferia.Migrations\Periferia.Migrations.csproj", "{FCBADF13-F954-4BE1-828E-4A19639BBE71}"
EndProject
Project("{2150E333-8FDC-42A3-9474-1A3956D46DE8}") = "app", "app", "{77ACA31D-E7AB-4DEC-8764-6F8376AEBEBD}"
EndProject
Project("{9A19103F-16F7-4668-BE54-9A1E7A4F7556}") = "Periferia.Web.App", "src\app\Periferia.Web.App\Periferia.Web.App.csproj", "{8C8E6D72-80FC-41F5-BC9C-656E849CBA43}"
EndProject
Project("{2150E333-8FDC-42A3-9474-1A3956D46DE8}") = "gateway", "gateway", "{0DD80440-730A-4C35-B93D-796846CB805B}"
EndProject
Project("{2150E333-8FDC-42A3-9474-1A3956D46DE8}") = "app", "app", "{3F513251-0CD3-43DF-AFAD-2F18A05B9D91}"
EndProject
Project("{9A19103F-16F7-4668-BE54-9A1E7A4F7556}") = "Periferia.Gateway.App", "src\gateway\app\Periferia.Gateway.App\Periferia.Gateway.App.csproj", "{41C48097-6B96-473E-BD40-DB0F23CDDE5D}"
EndProject
Project("{9A19103F-16F7-4668-BE54-9A1E7A4F7556}") = "Periferia.Migrations", "src\api\product\Periferia.Migrations\Periferia.Migrations.csproj", "{8B400B24-C716-4E12-BF73-CEC7131551E4}"
EndProject
Project("{9A19103F-16F7-4668-BE54-9A1E7A4F7556}") = "Periferia.Migrations", "src\api\order\Periferia.Migrations\Periferia.Migrations.csproj", "{FF1E1705-8BED-46DC-B7C2-26C995B3D970}"
EndProject
Global
	GlobalSection(SolutionConfigurationPlatforms) = preSolution
		Debug|Any CPU = Debug|Any CPU
		Release|Any CPU = Release|Any CPU
	EndGlobalSection
	GlobalSection(ProjectConfigurationPlatforms) = postSolution
		{44D7E80E-99EE-4A49-B55D-AA2B18503988}.Debug|Any CPU.ActiveCfg = Debug|Any CPU
		{44D7E80E-99EE-4A49-B55D-AA2B18503988}.Debug|Any CPU.Build.0 = Debug|Any CPU
		{44D7E80E-99EE-4A49-B55D-AA2B18503988}.Release|Any CPU.ActiveCfg = Release|Any CPU
		{44D7E80E-99EE-4A49-B55D-AA2B18503988}.Release|Any CPU.Build.0 = Release|Any CPU
		{CE367C89-C226-431C-88B4-B06333A4B5D5}.Debug|Any CPU.ActiveCfg = Debug|Any CPU
		{CE367C89-C226-431C-88B4-B06333A4B5D5}.Debug|Any CPU.Build.0 = Debug|Any CPU
		{CE367C89-C226-431C-88B4-B06333A4B5D5}.Release|Any CPU.ActiveCfg = Release|Any CPU
		{CE367C89-C226-431C-88B4-B06333A4B5D5}.Release|Any CPU.Build.0 = Release|Any CPU
		{76C78DBF-E7AE-4953-AD42-2845F7E5C891}.Debug|Any CPU.ActiveCfg = Debug|Any CPU
		{76C78DBF-E7AE-4953-AD42-2845F7E5C891}.Debug|Any CPU.Build.0 = Debug|Any CPU
		{76C78DBF-E7AE-4953-AD42-2845F7E5C891}.Release|Any CPU.ActiveCfg = Release|Any CPU
		{76C78DBF-E7AE-4953-AD42-2845F7E5C891}.Release|Any CPU.Build.0 = Release|Any CPU
		{39A49E78-7B39-4E01-B7B9-A5D3237D2121}.Debug|Any CPU.ActiveCfg = Debug|Any CPU
		{39A49E78-7B39-4E01-B7B9-A5D3237D2121}.Debug|Any CPU.Build.0 = Debug|Any CPU
		{39A49E78-7B39-4E01-B7B9-A5D3237D2121}.Release|Any CPU.ActiveCfg = Release|Any CPU
		{39A49E78-7B39-4E01-B7B9-A5D3237D2121}.Release|Any CPU.Build.0 = Release|Any CPU
		{4A543F55-98C2-4A68-BCD4-51004C68F399}.Debug|Any CPU.ActiveCfg = Debug|Any CPU
		{4A543F55-98C2-4A68-BCD4-51004C68F399}.Debug|Any CPU.Build.0 = Debug|Any CPU
		{4A543F55-98C2-4A68-BCD4-51004C68F399}.Release|Any CPU.ActiveCfg = Release|Any CPU
		{4A543F55-98C2-4A68-BCD4-51004C68F399}.Release|Any CPU.Build.0 = Release|Any CPU
		{314B7CD9-28D4-4E39-81A6-B2094E4E71F8}.Debug|Any CPU.ActiveCfg = Debug|Any CPU
		{314B7CD9-28D4-4E39-81A6-B2094E4E71F8}.Debug|Any CPU.Build.0 = Debug|Any CPU
		{314B7CD9-28D4-4E39-81A6-B2094E4E71F8}.Release|Any CPU.ActiveCfg = Release|Any CPU
		{314B7CD9-28D4-4E39-81A6-B2094E4E71F8}.Release|Any CPU.Build.0 = Release|Any CPU
		{5C543593-DDF3-4DD3-9744-503FF862BF10}.Debug|Any CPU.ActiveCfg = Debug|Any CPU
		{5C543593-DDF3-4DD3-9744-503FF862BF10}.Debug|Any CPU.Build.0 = Debug|Any CPU
		{5C543593-DDF3-4DD3-9744-503FF862BF10}.Release|Any CPU.ActiveCfg = Release|Any CPU
		{5C543593-DDF3-4DD3-9744-503FF862BF10}.Release|Any CPU.Build.0 = Release|Any CPU
		{E8BB117E-5AD8-46A9-816F-F067239CFC9A}.Debug|Any CPU.ActiveCfg = Debug|Any CPU
		{E8BB117E-5AD8-46A9-816F-F067239CFC9A}.Debug|Any CPU.Build.0 = Debug|Any CPU
		{E8BB117E-5AD8-46A9-816F-F067239CFC9A}.Release|Any CPU.ActiveCfg = Release|Any CPU
		{E8BB117E-5AD8-46A9-816F-F067239CFC9A}.Release|Any CPU.Build.0 = Release|Any CPU
		{21056C7D-0321-453A-9458-E40BE844A950}.Debug|Any CPU.ActiveCfg = Debug|Any CPU
		{21056C7D-0321-453A-9458-E40BE844A950}.Debug|Any CPU.Build.0 = Debug|Any CPU
		{21056C7D-0321-453A-9458-E40BE844A950}.Release|Any CPU.ActiveCfg = Release|Any CPU
		{21056C7D-0321-453A-9458-E40BE844A950}.Release|Any CPU.Build.0 = Release|Any CPU
		{AAFC441E-492A-49AC-8279-AFDC644EFA2B}.Debug|Any CPU.ActiveCfg = Debug|Any CPU
		{AAFC441E-492A-49AC-8279-AFDC644EFA2B}.Debug|Any CPU.Build.0 = Debug|Any CPU
		{AAFC441E-492A-49AC-8279-AFDC644EFA2B}.Release|Any CPU.ActiveCfg = Release|Any CPU
		{AAFC441E-492A-49AC-8279-AFDC644EFA2B}.Release|Any CPU.Build.0 = Release|Any CPU
		{215C7F40-933C-4B26-88DE-899971BB0A07}.Debug|Any CPU.ActiveCfg = Debug|Any CPU
		{215C7F40-933C-4B26-88DE-899971BB0A07}.Debug|Any CPU.Build.0 = Debug|Any CPU
		{215C7F40-933C-4B26-88DE-899971BB0A07}.Release|Any CPU.ActiveCfg = Release|Any CPU
		{215C7F40-933C-4B26-88DE-899971BB0A07}.Release|Any CPU.Build.0 = Release|Any CPU
		{BC37F6AB-0887-44CF-95B4-2A0ED692AAD5}.Debug|Any CPU.ActiveCfg = Debug|Any CPU
		{BC37F6AB-0887-44CF-95B4-2A0ED692AAD5}.Debug|Any CPU.Build.0 = Debug|Any CPU
		{BC37F6AB-0887-44CF-95B4-2A0ED692AAD5}.Release|Any CPU.ActiveCfg = Release|Any CPU
		{BC37F6AB-0887-44CF-95B4-2A0ED692AAD5}.Release|Any CPU.Build.0 = Release|Any CPU
		{D861F44C-EBC8-42E6-A84D-4CA873CD34F3}.Debug|Any CPU.ActiveCfg = Debug|Any CPU
		{D861F44C-EBC8-42E6-A84D-4CA873CD34F3}.Debug|Any CPU.Build.0 = Debug|Any CPU
		{D861F44C-EBC8-42E6-A84D-4CA873CD34F3}.Release|Any CPU.ActiveCfg = Release|Any CPU
		{D861F44C-EBC8-42E6-A84D-4CA873CD34F3}.Release|Any CPU.Build.0 = Release|Any CPU
		{B3FC2C20-C7CA-48D4-A9E9-0BC7E2D526BB}.Debug|Any CPU.ActiveCfg = Debug|Any CPU
		{B3FC2C20-C7CA-48D4-A9E9-0BC7E2D526BB}.Debug|Any CPU.Build.0 = Debug|Any CPU
		{B3FC2C20-C7CA-48D4-A9E9-0BC7E2D526BB}.Release|Any CPU.ActiveCfg = Release|Any CPU
		{B3FC2C20-C7CA-48D4-A9E9-0BC7E2D526BB}.Release|Any CPU.Build.0 = Release|Any CPU
		{22930191-88F4-4635-872F-B90C7DD98913}.Debug|Any CPU.ActiveCfg = Debug|Any CPU
		{22930191-88F4-4635-872F-B90C7DD98913}.Debug|Any CPU.Build.0 = Debug|Any CPU
		{22930191-88F4-4635-872F-B90C7DD98913}.Release|Any CPU.ActiveCfg = Release|Any CPU
		{22930191-88F4-4635-872F-B90C7DD98913}.Release|Any CPU.Build.0 = Release|Any CPU
		{FCBADF13-F954-4BE1-828E-4A19639BBE71}.Debug|Any CPU.ActiveCfg = Debug|Any CPU
		{FCBADF13-F954-4BE1-828E-4A19639BBE71}.Debug|Any CPU.Build.0 = Debug|Any CPU
		{FCBADF13-F954-4BE1-828E-4A19639BBE71}.Release|Any CPU.ActiveCfg = Release|Any CPU
		{FCBADF13-F954-4BE1-828E-4A19639BBE71}.Release|Any CPU.Build.0 = Release|Any CPU
		{8C8E6D72-80FC-41F5-BC9C-656E849CBA43}.Debug|Any CPU.ActiveCfg = Debug|Any CPU
		{8C8E6D72-80FC-41F5-BC9C-656E849CBA43}.Debug|Any CPU.Build.0 = Debug|Any CPU
		{8C8E6D72-80FC-41F5-BC9C-656E849CBA43}.Release|Any CPU.ActiveCfg = Release|Any CPU
		{8C8E6D72-80FC-41F5-BC9C-656E849CBA43}.Release|Any CPU.Build.0 = Release|Any CPU
		{41C48097-6B96-473E-BD40-DB0F23CDDE5D}.Debug|Any CPU.ActiveCfg = Debug|Any CPU
		{41C48097-6B96-473E-BD40-DB0F23CDDE5D}.Debug|Any CPU.Build.0 = Debug|Any CPU
		{41C48097-6B96-473E-BD40-DB0F23CDDE5D}.Release|Any CPU.ActiveCfg = Release|Any CPU
		{41C48097-6B96-473E-BD40-DB0F23CDDE5D}.Release|Any CPU.Build.0 = Release|Any CPU
		{8B400B24-C716-4E12-BF73-CEC7131551E4}.Debug|Any CPU.ActiveCfg = Debug|Any CPU
		{8B400B24-C716-4E12-BF73-CEC7131551E4}.Debug|Any CPU.Build.0 = Debug|Any CPU
		{8B400B24-C716-4E12-BF73-CEC7131551E4}.Release|Any CPU.ActiveCfg = Release|Any CPU
		{8B400B24-C716-4E12-BF73-CEC7131551E4}.Release|Any CPU.Build.0 = Release|Any CPU
		{FF1E1705-8BED-46DC-B7C2-26C995B3D970}.Debug|Any CPU.ActiveCfg = Debug|Any CPU
		{FF1E1705-8BED-46DC-B7C2-26C995B3D970}.Debug|Any CPU.Build.0 = Debug|Any CPU
		{FF1E1705-8BED-46DC-B7C2-26C995B3D970}.Release|Any CPU.ActiveCfg = Release|Any CPU
		{FF1E1705-8BED-46DC-B7C2-26C995B3D970}.Release|Any CPU.Build.0 = Release|Any CPU
	EndGlobalSection
	GlobalSection(SolutionProperties) = preSolution
		HideSolutionNode = FALSE
	EndGlobalSection
	GlobalSection(NestedProjects) = preSolution
		{F57AEAC1-D5E9-415F-9EE0-D9B679C11A51} = {5C4E1996-CED9-49C1-B56D-63FF255D8D70}
		{FDCDC0C1-A917-40AD-92E6-87440F899EF9} = {F57AEAC1-D5E9-415F-9EE0-D9B679C11A51}
		{44D7E80E-99EE-4A49-B55D-AA2B18503988} = {FDCDC0C1-A917-40AD-92E6-87440F899EF9}
		{CE367C89-C226-431C-88B4-B06333A4B5D5} = {FDCDC0C1-A917-40AD-92E6-87440F899EF9}
		{76C78DBF-E7AE-4953-AD42-2845F7E5C891} = {FDCDC0C1-A917-40AD-92E6-87440F899EF9}
		{39A49E78-7B39-4E01-B7B9-A5D3237D2121} = {FDCDC0C1-A917-40AD-92E6-87440F899EF9}
		{4A543F55-98C2-4A68-BCD4-51004C68F399} = {FDCDC0C1-A917-40AD-92E6-87440F899EF9}
		{6DE74203-235C-453B-91AF-8440D3218872} = {F57AEAC1-D5E9-415F-9EE0-D9B679C11A51}
		{314B7CD9-28D4-4E39-81A6-B2094E4E71F8} = {6DE74203-235C-453B-91AF-8440D3218872}
		{5C543593-DDF3-4DD3-9744-503FF862BF10} = {6DE74203-235C-453B-91AF-8440D3218872}
		{E8BB117E-5AD8-46A9-816F-F067239CFC9A} = {6DE74203-235C-453B-91AF-8440D3218872}
		{21056C7D-0321-453A-9458-E40BE844A950} = {6DE74203-235C-453B-91AF-8440D3218872}
		{AAFC441E-492A-49AC-8279-AFDC644EFA2B} = {6DE74203-235C-453B-91AF-8440D3218872}
		{DDFE4012-38AC-4EA6-B36E-5F5E00BB4B1F} = {F57AEAC1-D5E9-415F-9EE0-D9B679C11A51}
		{215C7F40-933C-4B26-88DE-899971BB0A07} = {DDFE4012-38AC-4EA6-B36E-5F5E00BB4B1F}
		{BC37F6AB-0887-44CF-95B4-2A0ED692AAD5} = {DDFE4012-38AC-4EA6-B36E-5F5E00BB4B1F}
		{D861F44C-EBC8-42E6-A84D-4CA873CD34F3} = {DDFE4012-38AC-4EA6-B36E-5F5E00BB4B1F}
		{B3FC2C20-C7CA-48D4-A9E9-0BC7E2D526BB} = {DDFE4012-38AC-4EA6-B36E-5F5E00BB4B1F}
		{22930191-88F4-4635-872F-B90C7DD98913} = {DDFE4012-38AC-4EA6-B36E-5F5E00BB4B1F}
		{FCBADF13-F954-4BE1-828E-4A19639BBE71} = {FDCDC0C1-A917-40AD-92E6-87440F899EF9}
		{77ACA31D-E7AB-4DEC-8764-6F8376AEBEBD} = {5C4E1996-CED9-49C1-B56D-63FF255D8D70}
		{8C8E6D72-80FC-41F5-BC9C-656E849CBA43} = {77ACA31D-E7AB-4DEC-8764-6F8376AEBEBD}
		{0DD80440-730A-4C35-B93D-796846CB805B} = {5C4E1996-CED9-49C1-B56D-63FF255D8D70}
		{3F513251-0CD3-43DF-AFAD-2F18A05B9D91} = {0DD80440-730A-4C35-B93D-796846CB805B}
		{41C48097-6B96-473E-BD40-DB0F23CDDE5D} = {3F513251-0CD3-43DF-AFAD-2F18A05B9D91}
		{8B400B24-C716-4E12-BF73-CEC7131551E4} = {DDFE4012-38AC-4EA6-B36E-5F5E00BB4B1F}
		{FF1E1705-8BED-46DC-B7C2-26C995B3D970} = {6DE74203-235C-453B-91AF-8440D3218872}
	EndGlobalSection
	GlobalSection(ExtensibilityGlobals) = postSolution
		SolutionGuid = {C970978A-EE18-421B-AB77-65DFF63A2944}
	EndGlobalSection
EndGlobal
